
Microsoft Visual Studio Solution File, Format Version 12.00
# Visual Studio 15
VisualStudioVersion = 15.0.27703.2000
MinimumVisualStudioVersion = 10.0.40219.1
Project("{9A19103F-16F7-4668-BE54-9A1E7A4F7556}") = "SamplesRequest", "SamplesRequest\SamplesRequest.csproj", "{F2ABBD6F-202E-44D7-90A9-958BE6C4A6DB}"
EndProject
Project("{9A19103F-16F7-4668-BE54-9A1E7A4F7556}") = "SamplesRequest.Models", "SampleRequest.Models\SamplesRequest.Models.csproj", "{2F2C0980-4AB0-4211-84CC-948132B87664}"
EndProject
Project("{FAE04EC0-301F-11D3-BF4B-00C04F79EFBC}") = "Security.Models", "Security.Models\Security.Models.csproj", "{5835D053-3D31-49C3-B375-86AADE2743A0}"
EndProject
Global
	GlobalSection(SolutionConfigurationPlatforms) = preSolution
		Debug|Any CPU = Debug|Any CPU
		Release|Any CPU = Release|Any CPU
	EndGlobalSection
	GlobalSection(ProjectConfigurationPlatforms) = postSolution
		{F2ABBD6F-202E-44D7-90A9-958BE6C4A6DB}.Debug|Any CPU.ActiveCfg = Debug|Any CPU
		{F2ABBD6F-202E-44D7-90A9-958BE6C4A6DB}.Debug|Any CPU.Build.0 = Debug|Any CPU
		{F2ABBD6F-202E-44D7-90A9-958BE6C4A6DB}.Release|Any CPU.ActiveCfg = Release|Any CPU
		{F2ABBD6F-202E-44D7-90A9-958BE6C4A6DB}.Release|Any CPU.Build.0 = Release|Any CPU
		{2F2C0980-4AB0-4211-84CC-948132B87664}.Debug|Any CPU.ActiveCfg = Debug|Any CPU
		{2F2C0980-4AB0-4211-84CC-948132B87664}.Debug|Any CPU.Build.0 = Debug|Any CPU
		{2F2C0980-4AB0-4211-84CC-948132B87664}.Release|Any CPU.ActiveCfg = Release|Any CPU
		{2F2C0980-4AB0-4211-84CC-948132B87664}.Release|Any CPU.Build.0 = Release|Any CPU
		{5835D053-3D31-49C3-B375-86AADE2743A0}.Debug|Any CPU.ActiveCfg = Debug|Any CPU
		{5835D053-3D31-49C3-B375-86AADE2743A0}.Debug|Any CPU.Build.0 = Debug|Any CPU
		{5835D053-3D31-49C3-B375-86AADE2743A0}.Release|Any CPU.ActiveCfg = Release|Any CPU
		{5835D053-3D31-49C3-B375-86AADE2743A0}.Release|Any CPU.Build.0 = Release|Any CPU
	EndGlobalSection
	GlobalSection(SolutionProperties) = preSolution
		HideSolutionNode = FALSE
	EndGlobalSection
	GlobalSection(ExtensibilityGlobals) = postSolution
		SolutionGuid = {6DE8B7CD-F1BE-4658-9900-9453F5CEFEAA}
	EndGlobalSection
EndGlobal
